
Microsoft Visual Studio Solution File, Format Version 12.00
# Visual Studio 15
VisualStudioVersion = 15.0.27703.2000
MinimumVisualStudioVersion = 10.0.40219.1
Project("{E24C65DC-7377-472B-9ABA-BC803B73C61A}") = "Fortune", "Fortune\", "{32AA3860-1217-45F3-9FE2-DC29D8FE84F8}"
	ProjectSection(WebsiteProperties) = preProject
		TargetFrameworkMoniker = ".NETFramework,Version%3Dv4.6.1"
		Debug.AspNetCompiler.VirtualPath = "/localhost_49813"
		Debug.AspNetCompiler.PhysicalPath = "Fortune\"
		Debug.AspNetCompiler.TargetPath = "PrecompiledWeb\localhost_49813\"
		Debug.AspNetCompiler.Updateable = "true"
		Debug.AspNetCompiler.ForceOverwrite = "true"
		Debug.AspNetCompiler.FixedNames = "false"
		Debug.AspNetCompiler.Debug = "True"
		Release.AspNetCompiler.VirtualPath = "/localhost_49813"
		Release.AspNetCompiler.PhysicalPath = "Fortune\"
		Release.AspNetCompiler.TargetPath = "PrecompiledWeb\localhost_49813\"
		Release.AspNetCompiler.Updateable = "true"
		Release.AspNetCompiler.ForceOverwrite = "true"
		Release.AspNetCompiler.FixedNames = "false"
		Release.AspNetCompiler.Debug = "False"
		VWDPort = "49813"
		SlnRelativePath = "Fortune\"
		DefaultWebSiteLanguage = "Visual C#"
	EndProjectSection
EndProject
Global
	GlobalSection(SolutionConfigurationPlatforms) = preSolution
		Debug|Any CPU = Debug|Any CPU
	EndGlobalSection
	GlobalSection(ProjectConfigurationPlatforms) = postSolution
		{32AA3860-1217-45F3-9FE2-DC29D8FE84F8}.Debug|Any CPU.ActiveCfg = Debug|Any CPU
		{32AA3860-1217-45F3-9FE2-DC29D8FE84F8}.Debug|Any CPU.Build.0 = Debug|Any CPU
	EndGlobalSection
	GlobalSection(SolutionProperties) = preSolution
		HideSolutionNode = FALSE
	EndGlobalSection
	GlobalSection(ExtensibilityGlobals) = postSolution
		SolutionGuid = {9FAB9844-E25B-4F9D-92D0-55678F8AFA7F}
	EndGlobalSection
EndGlobal
